// !$*UTF8*$!
{
	archiveVersion = 1;
	classes = {
	};
	objectVersion = 46;
	objects = {

/* Begin PBXBuildFile section */
		088444D316676A80008AD190 /* Section.m in Sources */ = {isa = PBXBuildFile; fileRef = 088444D216676A80008AD190 /* Section.m */; };
		088444E016676CA3008AD190 /* IdeaboardzService.m in Sources */ = {isa = PBXBuildFile; fileRef = 088444DF16676CA3008AD190 /* IdeaboardzService.m */; };
		088444E516676CD8008AD190 /* BoardServiceTests.m in Sources */ = {isa = PBXBuildFile; fileRef = 088444E416676CD8008AD190 /* BoardServiceTests.m */; };
		088444EF16687BE4008AD190 /* libOCMock.a in Frameworks */ = {isa = PBXBuildFile; fileRef = 088444EE16687BE4008AD190 /* libOCMock.a */; };
		1134D2E41679EEAF00077E76 /* HttpClientService.m in Sources */ = {isa = PBXBuildFile; fileRef = 1134D2E31679EEAF00077E76 /* HttpClientService.m */; };
		115569C41670651900FA146D /* DropDownButton.png in Resources */ = {isa = PBXBuildFile; fileRef = 115569C31670651900FA146D /* DropDownButton.png */; };
		115569C816707BF700FA146D /* Sticky.m in Sources */ = {isa = PBXBuildFile; fileRef = 115569C716707BF700FA146D /* Sticky.m */; };
		115569CB167086C300FA146D /* MainStoryboard.storyboard in Resources */ = {isa = PBXBuildFile; fileRef = 115569C9167086C300FA146D /* MainStoryboard.storyboard */; };
		115569CC167086C300FA146D /* MainStoryboard.storyboard in Resources */ = {isa = PBXBuildFile; fileRef = 115569C9167086C300FA146D /* MainStoryboard.storyboard */; };
		115569DB1671E55100FA146D /* BoardRepositoryTests.m in Sources */ = {isa = PBXBuildFile; fileRef = 115569DA1671E55100FA146D /* BoardRepositoryTests.m */; };
		115D0217167B1E1900F15C06 /* BoardViewController.m in Sources */ = {isa = PBXBuildFile; fileRef = 115D0216167B1E1900F15C06 /* BoardViewController.m */; };
		11617246168192300081AB66 /* Board.m in Sources */ = {isa = PBXBuildFile; fileRef = 11617245168192300081AB66 /* Board.m */; };
		119895271682E16C00324B87 /* BoardJsonParser.m in Sources */ = {isa = PBXBuildFile; fileRef = 119895261682E16C00324B87 /* BoardJsonParser.m */; };
		11BDEFAD16773B9600782DC0 /* ContributeIdeaViewController.m in Sources */ = {isa = PBXBuildFile; fileRef = 11BDEFAC16773B9600782DC0 /* ContributeIdeaViewController.m */; };
		11FF685C167600EF00E80A7F /* BaseTableViewController.m in Sources */ = {isa = PBXBuildFile; fileRef = 11FF685B167600EE00E80A7F /* BaseTableViewController.m */; };
		78B540DB1679A59100113691 /* MBProgressHUD.m in Sources */ = {isa = PBXBuildFile; fileRef = 78B540DA1679A59100113691 /* MBProgressHUD.m */; };
		BA62AC77166DC00C00144264 /* Idea.m in Sources */ = {isa = PBXBuildFile; fileRef = BA62AC76166DC00C00144264 /* Idea.m */; };
		BA6D23E3166C8D2900144EC1 /* SectionServiceTest.m in Sources */ = {isa = PBXBuildFile; fileRef = BA6D23E2166C8D2900144EC1 /* SectionServiceTest.m */; };
		BAD8A682166C7B090073871C /* SectionViewController.m in Sources */ = {isa = PBXBuildFile; fileRef = BAD8A681166C7B090073871C /* SectionViewController.m */; };
		BAFFB5D916672E83003968BF /* UIKit.framework in Frameworks */ = {isa = PBXBuildFile; fileRef = BAFFB5D816672E83003968BF /* UIKit.framework */; };
		BAFFB5DB16672E83003968BF /* Foundation.framework in Frameworks */ = {isa = PBXBuildFile; fileRef = BAFFB5DA16672E83003968BF /* Foundation.framework */; };
		BAFFB5DD16672E83003968BF /* CoreGraphics.framework in Frameworks */ = {isa = PBXBuildFile; fileRef = BAFFB5DC16672E83003968BF /* CoreGraphics.framework */; };
		BAFFB5E316672E83003968BF /* InfoPlist.strings in Resources */ = {isa = PBXBuildFile; fileRef = BAFFB5E116672E83003968BF /* InfoPlist.strings */; };
		BAFFB5E516672E83003968BF /* main.m in Sources */ = {isa = PBXBuildFile; fileRef = BAFFB5E416672E83003968BF /* main.m */; };
		BAFFB5E916672E83003968BF /* AppDelegate.m in Sources */ = {isa = PBXBuildFile; fileRef = BAFFB5E816672E83003968BF /* AppDelegate.m */; };
		BAFFB5EB16672E83003968BF /* Default.png in Resources */ = {isa = PBXBuildFile; fileRef = BAFFB5EA16672E83003968BF /* Default.png */; };
		BAFFB5ED16672E83003968BF /* Default@2x.png in Resources */ = {isa = PBXBuildFile; fileRef = BAFFB5EC16672E83003968BF /* Default@2x.png */; };
		BAFFB5EF16672E83003968BF /* Default-568h@2x.png in Resources */ = {isa = PBXBuildFile; fileRef = BAFFB5EE16672E83003968BF /* Default-568h@2x.png */; };
		BAFFB5F516672E83003968BF /* MasterViewController.m in Sources */ = {isa = PBXBuildFile; fileRef = BAFFB5F416672E83003968BF /* MasterViewController.m */; };
		BAFFB60016672E83003968BF /* SenTestingKit.framework in Frameworks */ = {isa = PBXBuildFile; fileRef = BAFFB5FF16672E83003968BF /* SenTestingKit.framework */; };
		BAFFB60116672E83003968BF /* UIKit.framework in Frameworks */ = {isa = PBXBuildFile; fileRef = BAFFB5D816672E83003968BF /* UIKit.framework */; };
		BAFFB60216672E83003968BF /* Foundation.framework in Frameworks */ = {isa = PBXBuildFile; fileRef = BAFFB5DA16672E83003968BF /* Foundation.framework */; };
		BAFFB60A16672E83003968BF /* InfoPlist.strings in Resources */ = {isa = PBXBuildFile; fileRef = BAFFB60816672E83003968BF /* InfoPlist.strings */; };
		BAFFB60D16672E83003968BF /* iOrterTests.m in Sources */ = {isa = PBXBuildFile; fileRef = BAFFB60C16672E83003968BF /* iOrterTests.m */; };
		BD5263BA1674BE5A00082EDB /* FPPopoverController.m in Sources */ = {isa = PBXBuildFile; fileRef = BD5263B51674BE5A00082EDB /* FPPopoverController.m */; settings = {COMPILER_FLAGS = "-fno-objc-arc"; }; };
		BD5263BB1674BE5A00082EDB /* FPPopoverView.m in Sources */ = {isa = PBXBuildFile; fileRef = BD5263B71674BE5A00082EDB /* FPPopoverView.m */; settings = {COMPILER_FLAGS = "-fno-objc-arc"; }; };
		BD5263BC1674BE5A00082EDB /* FPTouchView.m in Sources */ = {isa = PBXBuildFile; fileRef = BD5263B91674BE5A00082EDB /* FPTouchView.m */; settings = {COMPILER_FLAGS = "-fno-objc-arc"; }; };
		BD5263BF1674C06A00082EDB /* SectionsPopOver.m in Sources */ = {isa = PBXBuildFile; fileRef = BD5263BE1674C06A00082EDB /* SectionsPopOver.m */; };
		BD5263C61674CC9B00082EDB /* pullDown.png in Resources */ = {isa = PBXBuildFile; fileRef = BD5263C41674CC9B00082EDB /* pullDown.png */; };
		BD5263C71674CC9B00082EDB /* pullDown@2x.png in Resources */ = {isa = PBXBuildFile; fileRef = BD5263C51674CC9B00082EDB /* pullDown@2x.png */; };
		BD5263CC1674D02E00082EDB /* stickyBlue.png in Resources */ = {isa = PBXBuildFile; fileRef = BD5263C81674D02D00082EDB /* stickyBlue.png */; };
		BD5263CD1674D02E00082EDB /* stickyGreen.png in Resources */ = {isa = PBXBuildFile; fileRef = BD5263C91674D02D00082EDB /* stickyGreen.png */; };
		BD5263CE1674D02E00082EDB /* stickyOrange.png in Resources */ = {isa = PBXBuildFile; fileRef = BD5263CA1674D02D00082EDB /* stickyOrange.png */; };
		BD5263CF1674D02E00082EDB /* stickyYellow.png in Resources */ = {isa = PBXBuildFile; fileRef = BD5263CB1674D02D00082EDB /* stickyYellow.png */; };
		BD5263D21674D7F300082EDB /* notesBg.png in Resources */ = {isa = PBXBuildFile; fileRef = BD5263D01674D7F300082EDB /* notesBg.png */; };
		BD5263D31674D7F300082EDB /* notesBg@2x.png in Resources */ = {isa = PBXBuildFile; fileRef = BD5263D11674D7F300082EDB /* notesBg@2x.png */; };
		BD5263D61674D91500082EDB /* QuartzCore.framework in Frameworks */ = {isa = PBXBuildFile; fileRef = BD5263D41674D90400082EDB /* QuartzCore.framework */; };
		BDF82277167DF48400A65C5C /* TitleView.xib in Resources */ = {isa = PBXBuildFile; fileRef = BDF82276167DF48400A65C5C /* TitleView.xib */; };
		D19DE1BB16941109007500C8 /* ideaboardz.png in Resources */ = {isa = PBXBuildFile; fileRef = D19DE1BA16941109007500C8 /* ideaboardz.png */; };
/* End PBXBuildFile section */

/* Begin PBXContainerItemProxy section */
		BAFFB60316672E83003968BF /* PBXContainerItemProxy */ = {
			isa = PBXContainerItemProxy;
			containerPortal = BAFFB5CB16672E83003968BF /* Project object */;
			proxyType = 1;
			remoteGlobalIDString = BAFFB5D316672E83003968BF;
			remoteInfo = iOrter;
		};
/* End PBXContainerItemProxy section */

/* Begin PBXFileReference section */
		088444D116676A80008AD190 /* Section.h */ = {isa = PBXFileReference; fileEncoding = 4; lastKnownFileType = sourcecode.c.h; name = Section.h; path = Model/Section.h; sourceTree = "<group>"; };
		088444D216676A80008AD190 /* Section.m */ = {isa = PBXFileReference; fileEncoding = 4; lastKnownFileType = sourcecode.c.objc; name = Section.m; path = Model/Section.m; sourceTree = "<group>"; };
		088444DE16676CA3008AD190 /* IdeaboardzService.h */ = {isa = PBXFileReference; fileEncoding = 4; lastKnownFileType = sourcecode.c.h; name = IdeaboardzService.h; path = Service/IdeaboardzService.h; sourceTree = "<group>"; };
		088444DF16676CA3008AD190 /* IdeaboardzService.m */ = {isa = PBXFileReference; fileEncoding = 4; lastKnownFileType = sourcecode.c.objc; name = IdeaboardzService.m; path = Service/IdeaboardzService.m; sourceTree = "<group>"; };
		088444E316676CD8008AD190 /* BoardServiceTests.h */ = {isa = PBXFileReference; fileEncoding = 4; lastKnownFileType = sourcecode.c.h; name = BoardServiceTests.h; path = Service/BoardServiceTests.h; sourceTree = "<group>"; };
		088444E416676CD8008AD190 /* BoardServiceTests.m */ = {isa = PBXFileReference; fileEncoding = 4; lastKnownFileType = sourcecode.c.objc; name = BoardServiceTests.m; path = Service/BoardServiceTests.m; sourceTree = "<group>"; };
		088444EE16687BE4008AD190 /* libOCMock.a */ = {isa = PBXFileReference; lastKnownFileType = archive.ar; name = libOCMock.a; path = usr/include/libOCMock.a; sourceTree = "<group>"; };
		1134D2E21679EEAF00077E76 /* HttpClientService.h */ = {isa = PBXFileReference; fileEncoding = 4; lastKnownFileType = sourcecode.c.h; path = HttpClientService.h; sourceTree = "<group>"; };
		1134D2E31679EEAF00077E76 /* HttpClientService.m */ = {isa = PBXFileReference; fileEncoding = 4; lastKnownFileType = sourcecode.c.objc; path = HttpClientService.m; sourceTree = "<group>"; };
		115569C31670651900FA146D /* DropDownButton.png */ = {isa = PBXFileReference; lastKnownFileType = image.png; path = DropDownButton.png; sourceTree = "<group>"; };
		115569C616707BF700FA146D /* Sticky.h */ = {isa = PBXFileReference; fileEncoding = 4; lastKnownFileType = sourcecode.c.h; path = Sticky.h; sourceTree = "<group>"; };
		115569C716707BF700FA146D /* Sticky.m */ = {isa = PBXFileReference; fileEncoding = 4; lastKnownFileType = sourcecode.c.objc; path = Sticky.m; sourceTree = "<group>"; };
		115569CA167086C300FA146D /* en */ = {isa = PBXFileReference; lastKnownFileType = file.storyboard; name = en; path = en.lproj/MainStoryboard.storyboard; sourceTree = "<group>"; };
		115569D91671E55100FA146D /* BoardRepositoryTests.h */ = {isa = PBXFileReference; fileEncoding = 4; lastKnownFileType = sourcecode.c.h; name = BoardRepositoryTests.h; path = BoardRepositoryTests/BoardRepositoryTests.h; sourceTree = "<group>"; };
		115569DA1671E55100FA146D /* BoardRepositoryTests.m */ = {isa = PBXFileReference; fileEncoding = 4; lastKnownFileType = sourcecode.c.objc; name = BoardRepositoryTests.m; path = BoardRepositoryTests/BoardRepositoryTests.m; sourceTree = "<group>"; };
		115D0215167B1E1900F15C06 /* BoardViewController.h */ = {isa = PBXFileReference; fileEncoding = 4; lastKnownFileType = sourcecode.c.h; path = BoardViewController.h; sourceTree = "<group>"; };
		115D0216167B1E1900F15C06 /* BoardViewController.m */ = {isa = PBXFileReference; fileEncoding = 4; lastKnownFileType = sourcecode.c.objc; path = BoardViewController.m; sourceTree = "<group>"; };
		11617244168192300081AB66 /* Board.h */ = {isa = PBXFileReference; fileEncoding = 4; lastKnownFileType = sourcecode.c.h; name = Board.h; path = Model/Board.h; sourceTree = "<group>"; };
		11617245168192300081AB66 /* Board.m */ = {isa = PBXFileReference; fileEncoding = 4; lastKnownFileType = sourcecode.c.objc; name = Board.m; path = Model/Board.m; sourceTree = "<group>"; };
		119895251682E16C00324B87 /* BoardJsonParser.h */ = {isa = PBXFileReference; fileEncoding = 4; lastKnownFileType = sourcecode.c.h; name = BoardJsonParser.h; path = Service/BoardJsonParser.h; sourceTree = "<group>"; };
		119895261682E16C00324B87 /* BoardJsonParser.m */ = {isa = PBXFileReference; fileEncoding = 4; lastKnownFileType = sourcecode.c.objc; name = BoardJsonParser.m; path = Service/BoardJsonParser.m; sourceTree = "<group>"; };
		11BDEFAB16773B9600782DC0 /* ContributeIdeaViewController.h */ = {isa = PBXFileReference; fileEncoding = 4; lastKnownFileType = sourcecode.c.h; path = ContributeIdeaViewController.h; sourceTree = "<group>"; };
		11BDEFAC16773B9600782DC0 /* ContributeIdeaViewController.m */ = {isa = PBXFileReference; fileEncoding = 4; lastKnownFileType = sourcecode.c.objc; path = ContributeIdeaViewController.m; sourceTree = "<group>"; };
		11FF685A167600EE00E80A7F /* BaseTableViewController.h */ = {isa = PBXFileReference; fileEncoding = 4; lastKnownFileType = sourcecode.c.h; path = BaseTableViewController.h; sourceTree = "<group>"; };
		11FF685B167600EE00E80A7F /* BaseTableViewController.m */ = {isa = PBXFileReference; fileEncoding = 4; lastKnownFileType = sourcecode.c.objc; path = BaseTableViewController.m; sourceTree = "<group>"; };
		78B540D91679A59100113691 /* MBProgressHUD.h */ = {isa = PBXFileReference; fileEncoding = 4; lastKnownFileType = sourcecode.c.h; name = MBProgressHUD.h; path = iOrter/MBProgressHUD.h; sourceTree = "<group>"; };
		78B540DA1679A59100113691 /* MBProgressHUD.m */ = {isa = PBXFileReference; fileEncoding = 4; lastKnownFileType = sourcecode.c.objc; name = MBProgressHUD.m; path = iOrter/MBProgressHUD.m; sourceTree = "<group>"; };
		BA62AC75166DC00C00144264 /* Idea.h */ = {isa = PBXFileReference; fileEncoding = 4; lastKnownFileType = sourcecode.c.h; name = Idea.h; path = Model/Idea.h; sourceTree = "<group>"; };
		BA62AC76166DC00C00144264 /* Idea.m */ = {isa = PBXFileReference; fileEncoding = 4; lastKnownFileType = sourcecode.c.objc; name = Idea.m; path = Model/Idea.m; sourceTree = "<group>"; };
		BA6D23E1166C8D2900144EC1 /* SectionServiceTest.h */ = {isa = PBXFileReference; fileEncoding = 4; lastKnownFileType = sourcecode.c.h; name = SectionServiceTest.h; path = Service/SectionServiceTest.h; sourceTree = "<group>"; };
		BA6D23E2166C8D2900144EC1 /* SectionServiceTest.m */ = {isa = PBXFileReference; fileEncoding = 4; lastKnownFileType = sourcecode.c.objc; name = SectionServiceTest.m; path = Service/SectionServiceTest.m; sourceTree = "<group>"; };
		BAD8A680166C7B090073871C /* SectionViewController.h */ = {isa = PBXFileReference; fileEncoding = 4; lastKnownFileType = sourcecode.c.h; path = SectionViewController.h; sourceTree = "<group>"; };
		BAD8A681166C7B090073871C /* SectionViewController.m */ = {isa = PBXFileReference; fileEncoding = 4; lastKnownFileType = sourcecode.c.objc; path = SectionViewController.m; sourceTree = "<group>"; };
		BAFFB5D416672E83003968BF /* iOrter.app */ = {isa = PBXFileReference; explicitFileType = wrapper.application; includeInIndex = 0; path = iOrter.app; sourceTree = BUILT_PRODUCTS_DIR; };
		BAFFB5D816672E83003968BF /* UIKit.framework */ = {isa = PBXFileReference; lastKnownFileType = wrapper.framework; name = UIKit.framework; path = System/Library/Frameworks/UIKit.framework; sourceTree = SDKROOT; };
		BAFFB5DA16672E83003968BF /* Foundation.framework */ = {isa = PBXFileReference; lastKnownFileType = wrapper.framework; name = Foundation.framework; path = System/Library/Frameworks/Foundation.framework; sourceTree = SDKROOT; };
		BAFFB5DC16672E83003968BF /* CoreGraphics.framework */ = {isa = PBXFileReference; lastKnownFileType = wrapper.framework; name = CoreGraphics.framework; path = System/Library/Frameworks/CoreGraphics.framework; sourceTree = SDKROOT; };
		BAFFB5E016672E83003968BF /* iOrter-Info.plist */ = {isa = PBXFileReference; lastKnownFileType = text.plist.xml; path = "iOrter-Info.plist"; sourceTree = "<group>"; };
		BAFFB5E216672E83003968BF /* en */ = {isa = PBXFileReference; lastKnownFileType = text.plist.strings; name = en; path = en.lproj/InfoPlist.strings; sourceTree = "<group>"; };
		BAFFB5E416672E83003968BF /* main.m */ = {isa = PBXFileReference; lastKnownFileType = sourcecode.c.objc; path = main.m; sourceTree = "<group>"; };
		BAFFB5E616672E83003968BF /* iOrter-Prefix.pch */ = {isa = PBXFileReference; lastKnownFileType = sourcecode.c.h; path = "iOrter-Prefix.pch"; sourceTree = "<group>"; };
		BAFFB5E716672E83003968BF /* AppDelegate.h */ = {isa = PBXFileReference; lastKnownFileType = sourcecode.c.h; path = AppDelegate.h; sourceTree = "<group>"; };
		BAFFB5E816672E83003968BF /* AppDelegate.m */ = {isa = PBXFileReference; lastKnownFileType = sourcecode.c.objc; path = AppDelegate.m; sourceTree = "<group>"; };
		BAFFB5EA16672E83003968BF /* Default.png */ = {isa = PBXFileReference; lastKnownFileType = image.png; path = Default.png; sourceTree = "<group>"; };
		BAFFB5EC16672E83003968BF /* Default@2x.png */ = {isa = PBXFileReference; lastKnownFileType = image.png; path = "Default@2x.png"; sourceTree = "<group>"; };
		BAFFB5EE16672E83003968BF /* Default-568h@2x.png */ = {isa = PBXFileReference; lastKnownFileType = image.png; path = "Default-568h@2x.png"; sourceTree = "<group>"; };
		BAFFB5F316672E83003968BF /* MasterViewController.h */ = {isa = PBXFileReference; lastKnownFileType = sourcecode.c.h; path = MasterViewController.h; sourceTree = "<group>"; };
		BAFFB5F416672E83003968BF /* MasterViewController.m */ = {isa = PBXFileReference; lastKnownFileType = sourcecode.c.objc; path = MasterViewController.m; sourceTree = "<group>"; };
		BAFFB5FE16672E83003968BF /* iOrterTests.octest */ = {isa = PBXFileReference; explicitFileType = wrapper.cfbundle; includeInIndex = 0; path = iOrterTests.octest; sourceTree = BUILT_PRODUCTS_DIR; };
		BAFFB5FF16672E83003968BF /* SenTestingKit.framework */ = {isa = PBXFileReference; lastKnownFileType = wrapper.framework; name = SenTestingKit.framework; path = Library/Frameworks/SenTestingKit.framework; sourceTree = DEVELOPER_DIR; };
		BAFFB60716672E83003968BF /* iOrterTests-Info.plist */ = {isa = PBXFileReference; lastKnownFileType = text.plist.xml; path = "iOrterTests-Info.plist"; sourceTree = "<group>"; };
		BAFFB60916672E83003968BF /* en */ = {isa = PBXFileReference; lastKnownFileType = text.plist.strings; name = en; path = en.lproj/InfoPlist.strings; sourceTree = "<group>"; };
		BAFFB60B16672E83003968BF /* iOrterTests.h */ = {isa = PBXFileReference; lastKnownFileType = sourcecode.c.h; path = iOrterTests.h; sourceTree = "<group>"; };
		BAFFB60C16672E83003968BF /* iOrterTests.m */ = {isa = PBXFileReference; lastKnownFileType = sourcecode.c.objc; path = iOrterTests.m; sourceTree = "<group>"; };
		BD5263AB1674BAD700082EDB /* sticky.png */ = {isa = PBXFileReference; lastKnownFileType = image.png; path = sticky.png; sourceTree = "<group>"; };
		BD5263B41674BE5A00082EDB /* FPPopoverController.h */ = {isa = PBXFileReference; fileEncoding = 4; lastKnownFileType = sourcecode.c.h; path = FPPopoverController.h; sourceTree = "<group>"; };
		BD5263B51674BE5A00082EDB /* FPPopoverController.m */ = {isa = PBXFileReference; fileEncoding = 4; lastKnownFileType = sourcecode.c.objc; path = FPPopoverController.m; sourceTree = "<group>"; };
		BD5263B61674BE5A00082EDB /* FPPopoverView.h */ = {isa = PBXFileReference; fileEncoding = 4; lastKnownFileType = sourcecode.c.h; path = FPPopoverView.h; sourceTree = "<group>"; };
		BD5263B71674BE5A00082EDB /* FPPopoverView.m */ = {isa = PBXFileReference; fileEncoding = 4; lastKnownFileType = sourcecode.c.objc; path = FPPopoverView.m; sourceTree = "<group>"; };
		BD5263B81674BE5A00082EDB /* FPTouchView.h */ = {isa = PBXFileReference; fileEncoding = 4; lastKnownFileType = sourcecode.c.h; path = FPTouchView.h; sourceTree = "<group>"; };
		BD5263B91674BE5A00082EDB /* FPTouchView.m */ = {isa = PBXFileReference; fileEncoding = 4; lastKnownFileType = sourcecode.c.objc; path = FPTouchView.m; sourceTree = "<group>"; };
		BD5263BD1674C06A00082EDB /* SectionsPopOver.h */ = {isa = PBXFileReference; fileEncoding = 4; lastKnownFileType = sourcecode.c.h; path = SectionsPopOver.h; sourceTree = "<group>"; };
		BD5263BE1674C06A00082EDB /* SectionsPopOver.m */ = {isa = PBXFileReference; fileEncoding = 4; lastKnownFileType = sourcecode.c.objc; path = SectionsPopOver.m; sourceTree = "<group>"; };
		BD5263C41674CC9B00082EDB /* pullDown.png */ = {isa = PBXFileReference; lastKnownFileType = image.png; path = pullDown.png; sourceTree = "<group>"; };
		BD5263C51674CC9B00082EDB /* pullDown@2x.png */ = {isa = PBXFileReference; lastKnownFileType = image.png; path = "pullDown@2x.png"; sourceTree = "<group>"; };
		BD5263C81674D02D00082EDB /* stickyBlue.png */ = {isa = PBXFileReference; lastKnownFileType = image.png; path = stickyBlue.png; sourceTree = "<group>"; };
		BD5263C91674D02D00082EDB /* stickyGreen.png */ = {isa = PBXFileReference; lastKnownFileType = image.png; path = stickyGreen.png; sourceTree = "<group>"; };
		BD5263CA1674D02D00082EDB /* stickyOrange.png */ = {isa = PBXFileReference; lastKnownFileType = image.png; path = stickyOrange.png; sourceTree = "<group>"; };
		BD5263CB1674D02D00082EDB /* stickyYellow.png */ = {isa = PBXFileReference; lastKnownFileType = image.png; path = stickyYellow.png; sourceTree = "<group>"; };
		BD5263D01674D7F300082EDB /* notesBg.png */ = {isa = PBXFileReference; lastKnownFileType = image.png; path = notesBg.png; sourceTree = "<group>"; };
		BD5263D11674D7F300082EDB /* notesBg@2x.png */ = {isa = PBXFileReference; lastKnownFileType = image.png; path = "notesBg@2x.png"; sourceTree = "<group>"; };
		BD5263D41674D90400082EDB /* QuartzCore.framework */ = {isa = PBXFileReference; lastKnownFileType = wrapper.framework; name = QuartzCore.framework; path = System/Library/Frameworks/QuartzCore.framework; sourceTree = SDKROOT; };
		BDF82276167DF48400A65C5C /* TitleView.xib */ = {isa = PBXFileReference; fileEncoding = 4; lastKnownFileType = file.xib; path = TitleView.xib; sourceTree = "<group>"; };
		D19DE1BA16941109007500C8 /* ideaboardz.png */ = {isa = PBXFileReference; lastKnownFileType = image.png; path = ideaboardz.png; sourceTree = "<group>"; };
/* End PBXFileReference section */

/* Begin PBXFrameworksBuildPhase section */
		BAFFB5D116672E83003968BF /* Frameworks */ = {
			isa = PBXFrameworksBuildPhase;
			buildActionMask = 2147483647;
			files = (
				BD5263D61674D91500082EDB /* QuartzCore.framework in Frameworks */,
				BAFFB5D916672E83003968BF /* UIKit.framework in Frameworks */,
				BAFFB5DB16672E83003968BF /* Foundation.framework in Frameworks */,
				BAFFB5DD16672E83003968BF /* CoreGraphics.framework in Frameworks */,
			);
			runOnlyForDeploymentPostprocessing = 0;
		};
		BAFFB5FA16672E83003968BF /* Frameworks */ = {
			isa = PBXFrameworksBuildPhase;
			buildActionMask = 2147483647;
			files = (
				088444EF16687BE4008AD190 /* libOCMock.a in Frameworks */,
				BAFFB60016672E83003968BF /* SenTestingKit.framework in Frameworks */,
				BAFFB60116672E83003968BF /* UIKit.framework in Frameworks */,
				BAFFB60216672E83003968BF /* Foundation.framework in Frameworks */,
			);
			runOnlyForDeploymentPostprocessing = 0;
		};
/* End PBXFrameworksBuildPhase section */

/* Begin PBXGroup section */
		088444D016676A2F008AD190 /* Model */ = {
			isa = PBXGroup;
			children = (
				BA62AC75166DC00C00144264 /* Idea.h */,
				BA62AC76166DC00C00144264 /* Idea.m */,
				088444D116676A80008AD190 /* Section.h */,
				088444D216676A80008AD190 /* Section.m */,
				11617244168192300081AB66 /* Board.h */,
				11617245168192300081AB66 /* Board.m */,
			);
			name = Model;
			sourceTree = "<group>";
		};
		088444D916676C30008AD190 /* Service */ = {
			isa = PBXGroup;
			children = (
				1134D2E21679EEAF00077E76 /* HttpClientService.h */,
				1134D2E31679EEAF00077E76 /* HttpClientService.m */,
				088444DE16676CA3008AD190 /* IdeaboardzService.h */,
				088444DF16676CA3008AD190 /* IdeaboardzService.m */,
				119895251682E16C00324B87 /* BoardJsonParser.h */,
				119895261682E16C00324B87 /* BoardJsonParser.m */,
			);
			name = Service;
			sourceTree = "<group>";
		};
		088444E216676CAF008AD190 /* Service */ = {
			isa = PBXGroup;
			children = (
				088444E316676CD8008AD190 /* BoardServiceTests.h */,
				088444E416676CD8008AD190 /* BoardServiceTests.m */,
				BA6D23E1166C8D2900144EC1 /* SectionServiceTest.h */,
				BA6D23E2166C8D2900144EC1 /* SectionServiceTest.m */,
			);
			name = Service;
			sourceTree = "<group>";
		};
		115569D81671E50E00FA146D /* BoardRepositoryTests */ = {
			isa = PBXGroup;
			children = (
				115569D91671E55100FA146D /* BoardRepositoryTests.h */,
				115569DA1671E55100FA146D /* BoardRepositoryTests.m */,
			);
			name = BoardRepositoryTests;
			sourceTree = "<group>";
		};
		78B540DD1679A5A100113691 /* MBProgressHUD */ = {
			isa = PBXGroup;
			children = (
				78B540D91679A59100113691 /* MBProgressHUD.h */,
				78B540DA1679A59100113691 /* MBProgressHUD.m */,
			);
			name = MBProgressHUD;
			sourceTree = "<group>";
		};
		BAFFB5C916672E83003968BF = {
			isa = PBXGroup;
			children = (
				78B540DD1679A5A100113691 /* MBProgressHUD */,
				BD5263B31674BE2200082EDB /* FPPopover */,
				088444EE16687BE4008AD190 /* libOCMock.a */,
				BAFFB5DE16672E83003968BF /* iOrter */,
				BAFFB60516672E83003968BF /* iOrterTests */,
				BAFFB5D716672E83003968BF /* Frameworks */,
				BAFFB5D516672E83003968BF /* Products */,
			);
			sourceTree = "<group>";
		};
		BAFFB5D516672E83003968BF /* Products */ = {
			isa = PBXGroup;
			children = (
				BAFFB5D416672E83003968BF /* iOrter.app */,
				BAFFB5FE16672E83003968BF /* iOrterTests.octest */,
			);
			name = Products;
			sourceTree = "<group>";
		};
		BAFFB5D716672E83003968BF /* Frameworks */ = {
			isa = PBXGroup;
			children = (
				BD5263D41674D90400082EDB /* QuartzCore.framework */,
				BAFFB5D816672E83003968BF /* UIKit.framework */,
				BAFFB5DA16672E83003968BF /* Foundation.framework */,
				BAFFB5DC16672E83003968BF /* CoreGraphics.framework */,
				BAFFB5FF16672E83003968BF /* SenTestingKit.framework */,
			);
			name = Frameworks;
			sourceTree = "<group>";
		};
		BAFFB5DE16672E83003968BF /* iOrter */ = {
			isa = PBXGroup;
			children = (
				BD5263A71674AFEA00082EDB /* Images */,
				088444D916676C30008AD190 /* Service */,
				088444D016676A2F008AD190 /* Model */,
				BAFFB5DF16672E83003968BF /* Supporting Files */,
				BAFFB5E716672E83003968BF /* AppDelegate.h */,
				BAFFB5E816672E83003968BF /* AppDelegate.m */,
				115569C9167086C300FA146D /* MainStoryboard.storyboard */,
				BAFFB5F316672E83003968BF /* MasterViewController.h */,
				BAFFB5F416672E83003968BF /* MasterViewController.m */,
				BAD8A680166C7B090073871C /* SectionViewController.h */,
				BAD8A681166C7B090073871C /* SectionViewController.m */,
				115569C616707BF700FA146D /* Sticky.h */,
				115569C716707BF700FA146D /* Sticky.m */,
				BD5263BD1674C06A00082EDB /* SectionsPopOver.h */,
				BD5263BE1674C06A00082EDB /* SectionsPopOver.m */,
				11FF685A167600EE00E80A7F /* BaseTableViewController.h */,
				11FF685B167600EE00E80A7F /* BaseTableViewController.m */,
				11BDEFAB16773B9600782DC0 /* ContributeIdeaViewController.h */,
				11BDEFAC16773B9600782DC0 /* ContributeIdeaViewController.m */,
				115D0215167B1E1900F15C06 /* BoardViewController.h */,
				115D0216167B1E1900F15C06 /* BoardViewController.m */,
				BDF82276167DF48400A65C5C /* TitleView.xib */,
			);
			path = iOrter;
			sourceTree = "<group>";
		};
		BAFFB5DF16672E83003968BF /* Supporting Files */ = {
			isa = PBXGroup;
			children = (
				115569C31670651900FA146D /* DropDownButton.png */,
				BAFFB5E016672E83003968BF /* iOrter-Info.plist */,
				BAFFB5E116672E83003968BF /* InfoPlist.strings */,
				BAFFB5E416672E83003968BF /* main.m */,
				BAFFB5E616672E83003968BF /* iOrter-Prefix.pch */,
				BAFFB5EA16672E83003968BF /* Default.png */,
				BAFFB5EC16672E83003968BF /* Default@2x.png */,
				BAFFB5EE16672E83003968BF /* Default-568h@2x.png */,
			);
			name = "Supporting Files";
			sourceTree = "<group>";
		};
		BAFFB60516672E83003968BF /* iOrterTests */ = {
			isa = PBXGroup;
			children = (
				115569D81671E50E00FA146D /* BoardRepositoryTests */,
				088444E216676CAF008AD190 /* Service */,
				BAFFB60B16672E83003968BF /* iOrterTests.h */,
				BAFFB60C16672E83003968BF /* iOrterTests.m */,
				BAFFB60616672E83003968BF /* Supporting Files */,
			);
			path = iOrterTests;
			sourceTree = "<group>";
		};
		BAFFB60616672E83003968BF /* Supporting Files */ = {
			isa = PBXGroup;
			children = (
				BAFFB60716672E83003968BF /* iOrterTests-Info.plist */,
				BAFFB60816672E83003968BF /* InfoPlist.strings */,
			);
			name = "Supporting Files";
			sourceTree = "<group>";
		};
		BD5263A71674AFEA00082EDB /* Images */ = {
			isa = PBXGroup;
			children = (
				D19DE1BA16941109007500C8 /* ideaboardz.png */,
				BD5263D01674D7F300082EDB /* notesBg.png */,
				BD5263D11674D7F300082EDB /* notesBg@2x.png */,
				BD5263C41674CC9B00082EDB /* pullDown.png */,
				BD5263C81674D02D00082EDB /* stickyBlue.png */,
				BD5263C91674D02D00082EDB /* stickyGreen.png */,
				BD5263CA1674D02D00082EDB /* stickyOrange.png */,
				BD5263CB1674D02D00082EDB /* stickyYellow.png */,
				BD5263C51674CC9B00082EDB /* pullDown@2x.png */,
				BD5263AB1674BAD700082EDB /* sticky.png */,
			);
			name = Images;
			sourceTree = "<group>";
		};
		BD5263B31674BE2200082EDB /* FPPopover */ = {
			isa = PBXGroup;
			children = (
				BD5263B41674BE5A00082EDB /* FPPopoverController.h */,
				BD5263B51674BE5A00082EDB /* FPPopoverController.m */,
				BD5263B61674BE5A00082EDB /* FPPopoverView.h */,
				BD5263B71674BE5A00082EDB /* FPPopoverView.m */,
				BD5263B81674BE5A00082EDB /* FPTouchView.h */,
				BD5263B91674BE5A00082EDB /* FPTouchView.m */,
			);
			name = FPPopover;
			sourceTree = "<group>";
		};
/* End PBXGroup section */

/* Begin PBXNativeTarget section */
		BAFFB5D316672E83003968BF /* iOrter */ = {
			isa = PBXNativeTarget;
			buildConfigurationList = BAFFB61016672E83003968BF /* Build configuration list for PBXNativeTarget "iOrter" */;
			buildPhases = (
				BAFFB5D016672E83003968BF /* Sources */,
				BAFFB5D116672E83003968BF /* Frameworks */,
				BAFFB5D216672E83003968BF /* Resources */,
			);
			buildRules = (
			);
			dependencies = (
			);
			name = iOrter;
			productName = iOrter;
			productReference = BAFFB5D416672E83003968BF /* iOrter.app */;
			productType = "com.apple.product-type.application";
		};
		BAFFB5FD16672E83003968BF /* iOrterTests */ = {
			isa = PBXNativeTarget;
			buildConfigurationList = BAFFB61316672E83003968BF /* Build configuration list for PBXNativeTarget "iOrterTests" */;
			buildPhases = (
				BAFFB5F916672E83003968BF /* Sources */,
				BAFFB5FA16672E83003968BF /* Frameworks */,
				BAFFB5FB16672E83003968BF /* Resources */,
				BAFFB5FC16672E83003968BF /* ShellScript */,
			);
			buildRules = (
			);
			dependencies = (
				BAFFB60416672E83003968BF /* PBXTargetDependency */,
			);
			name = iOrterTests;
			productName = iOrterTests;
			productReference = BAFFB5FE16672E83003968BF /* iOrterTests.octest */;
			productType = "com.apple.product-type.bundle";
		};
/* End PBXNativeTarget section */

/* Begin PBXProject section */
		BAFFB5CB16672E83003968BF /* Project object */ = {
			isa = PBXProject;
			attributes = {
				LastUpgradeCheck = 0450;
				ORGANIZATIONNAME = ThoughtWorks;
			};
			buildConfigurationList = BAFFB5CE16672E83003968BF /* Build configuration list for PBXProject "iOrter" */;
			compatibilityVersion = "Xcode 3.2";
			developmentRegion = English;
			hasScannedForEncodings = 0;
			knownRegions = (
				en,
			);
			mainGroup = BAFFB5C916672E83003968BF;
			productRefGroup = BAFFB5D516672E83003968BF /* Products */;
			projectDirPath = "";
			projectRoot = "";
			targets = (
				BAFFB5D316672E83003968BF /* iOrter */,
				BAFFB5FD16672E83003968BF /* iOrterTests */,
			);
		};
/* End PBXProject section */

/* Begin PBXResourcesBuildPhase section */
		BAFFB5D216672E83003968BF /* Resources */ = {
			isa = PBXResourcesBuildPhase;
			buildActionMask = 2147483647;
			files = (
				BAFFB5E316672E83003968BF /* InfoPlist.strings in Resources */,
				BAFFB5EB16672E83003968BF /* Default.png in Resources */,
				BAFFB5ED16672E83003968BF /* Default@2x.png in Resources */,
				BAFFB5EF16672E83003968BF /* Default-568h@2x.png in Resources */,
				115569C41670651900FA146D /* DropDownButton.png in Resources */,
				115569CB167086C300FA146D /* MainStoryboard.storyboard in Resources */,
				BD5263C61674CC9B00082EDB /* pullDown.png in Resources */,
				BD5263C71674CC9B00082EDB /* pullDown@2x.png in Resources */,
				BD5263CC1674D02E00082EDB /* stickyBlue.png in Resources */,
				BD5263CD1674D02E00082EDB /* stickyGreen.png in Resources */,
				BD5263CE1674D02E00082EDB /* stickyOrange.png in Resources */,
				BD5263CF1674D02E00082EDB /* stickyYellow.png in Resources */,
				BD5263D21674D7F300082EDB /* notesBg.png in Resources */,
				BD5263D31674D7F300082EDB /* notesBg@2x.png in Resources */,
				BDF82277167DF48400A65C5C /* TitleView.xib in Resources */,
				D19DE1BB16941109007500C8 /* ideaboardz.png in Resources */,
			);
			runOnlyForDeploymentPostprocessing = 0;
		};
		BAFFB5FB16672E83003968BF /* Resources */ = {
			isa = PBXResourcesBuildPhase;
			buildActionMask = 2147483647;
			files = (
				BAFFB60A16672E83003968BF /* InfoPlist.strings in Resources */,
				115569CC167086C300FA146D /* MainStoryboard.storyboard in Resources */,
			);
			runOnlyForDeploymentPostprocessing = 0;
		};
/* End PBXResourcesBuildPhase section */

/* Begin PBXShellScriptBuildPhase section */
		BAFFB5FC16672E83003968BF /* ShellScript */ = {
			isa = PBXShellScriptBuildPhase;
			buildActionMask = 2147483647;
			files = (
			);
			inputPaths = (
			);
			outputPaths = (
			);
			runOnlyForDeploymentPostprocessing = 0;
			shellPath = /bin/sh;
			shellScript = "# Run the unit tests in this test bundle.\n\"${PROJECT_DIR}/Scripts/run_tests.rb\"\n";
		};
/* End PBXShellScriptBuildPhase section */

/* Begin PBXSourcesBuildPhase section */
		BAFFB5D016672E83003968BF /* Sources */ = {
			isa = PBXSourcesBuildPhase;
			buildActionMask = 2147483647;
			files = (
				BAFFB5E516672E83003968BF /* main.m in Sources */,
				BAFFB5E916672E83003968BF /* AppDelegate.m in Sources */,
				BAFFB5F516672E83003968BF /* MasterViewController.m in Sources */,
				088444D316676A80008AD190 /* Section.m in Sources */,
				088444E016676CA3008AD190 /* IdeaboardzService.m in Sources */,
				BAD8A682166C7B090073871C /* SectionViewController.m in Sources */,
				BA62AC77166DC00C00144264 /* Idea.m in Sources */,
				115569C816707BF700FA146D /* Sticky.m in Sources */,
				BD5263BA1674BE5A00082EDB /* FPPopoverController.m in Sources */,
				BD5263BB1674BE5A00082EDB /* FPPopoverView.m in Sources */,
				BD5263BC1674BE5A00082EDB /* FPTouchView.m in Sources */,
				BD5263BF1674C06A00082EDB /* SectionsPopOver.m in Sources */,
				11FF685C167600EF00E80A7F /* BaseTableViewController.m in Sources */,
				11BDEFAD16773B9600782DC0 /* ContributeIdeaViewController.m in Sources */,
				78B540DB1679A59100113691 /* MBProgressHUD.m in Sources */,
				1134D2E41679EEAF00077E76 /* HttpClientService.m in Sources */,
				115D0217167B1E1900F15C06 /* BoardViewController.m in Sources */,
				11617246168192300081AB66 /* Board.m in Sources */,
				119895271682E16C00324B87 /* BoardJsonParser.m in Sources */,
			);
			runOnlyForDeploymentPostprocessing = 0;
		};
		BAFFB5F916672E83003968BF /* Sources */ = {
			isa = PBXSourcesBuildPhase;
			buildActionMask = 2147483647;
			files = (
				BAFFB60D16672E83003968BF /* iOrterTests.m in Sources */,
				088444E516676CD8008AD190 /* BoardServiceTests.m in Sources */,
				BA6D23E3166C8D2900144EC1 /* SectionServiceTest.m in Sources */,
				115569DB1671E55100FA146D /* BoardRepositoryTests.m in Sources */,
			);
			runOnlyForDeploymentPostprocessing = 0;
		};
/* End PBXSourcesBuildPhase section */

/* Begin PBXTargetDependency section */
		BAFFB60416672E83003968BF /* PBXTargetDependency */ = {
			isa = PBXTargetDependency;
			target = BAFFB5D316672E83003968BF /* iOrter */;
			targetProxy = BAFFB60316672E83003968BF /* PBXContainerItemProxy */;
		};
/* End PBXTargetDependency section */

/* Begin PBXVariantGroup section */
		115569C9167086C300FA146D /* MainStoryboard.storyboard */ = {
			isa = PBXVariantGroup;
			children = (
				115569CA167086C300FA146D /* en */,
			);
			name = MainStoryboard.storyboard;
			sourceTree = "<group>";
		};
		BAFFB5E116672E83003968BF /* InfoPlist.strings */ = {
			isa = PBXVariantGroup;
			children = (
				BAFFB5E216672E83003968BF /* en */,
			);
			name = InfoPlist.strings;
			sourceTree = "<group>";
		};
		BAFFB60816672E83003968BF /* InfoPlist.strings */ = {
			isa = PBXVariantGroup;
			children = (
				BAFFB60916672E83003968BF /* en */,
			);
			name = InfoPlist.strings;
			sourceTree = "<group>";
		};
/* End PBXVariantGroup section */

/* Begin XCBuildConfiguration section */
		BAFFB60E16672E83003968BF /* Debug */ = {
			isa = XCBuildConfiguration;
			buildSettings = {
				ALWAYS_SEARCH_USER_PATHS = NO;
				CLANG_CXX_LANGUAGE_STANDARD = "gnu++0x";
				CLANG_CXX_LIBRARY = "libc++";
				CLANG_ENABLE_OBJC_ARC = YES;
				CLANG_WARN_EMPTY_BODY = YES;
				CLANG_WARN__DUPLICATE_METHOD_MATCH = YES;
				CODE_SIGN_IDENTITY = "iPhone Developer: Rajdeep Kwatra (V24C648P8T)";
				"CODE_SIGN_IDENTITY[sdk=iphoneos*]" = "iPhone Developer: Rajdeep Kwatra (V24C648P8T)";
				COPY_PHASE_STRIP = NO;
				GCC_C_LANGUAGE_STANDARD = gnu99;
				GCC_DYNAMIC_NO_PIC = NO;
				GCC_OPTIMIZATION_LEVEL = 0;
				GCC_PREPROCESSOR_DEFINITIONS = (
					"DEBUG=1",
					"$(inherited)",
				);
				GCC_SYMBOLS_PRIVATE_EXTERN = NO;
				GCC_WARN_ABOUT_RETURN_TYPE = YES;
				GCC_WARN_UNINITIALIZED_AUTOS = YES;
				GCC_WARN_UNUSED_VARIABLE = YES;
				IPHONEOS_DEPLOYMENT_TARGET = 5.0;
				ONLY_ACTIVE_ARCH = YES;
				PROVISIONING_PROFILE = "C13D0D28-380D-42DA-AB8F-113D2B98D735";
				"PROVISIONING_PROFILE[sdk=iphoneos*]" = "C13D0D28-380D-42DA-AB8F-113D2B98D735";
				SDKROOT = iphoneos;
			};
			name = Debug;
		};
		BAFFB60F16672E83003968BF /* Release */ = {
			isa = XCBuildConfiguration;
			buildSettings = {
				ALWAYS_SEARCH_USER_PATHS = NO;
				CLANG_CXX_LANGUAGE_STANDARD = "gnu++0x";
				CLANG_CXX_LIBRARY = "libc++";
				CLANG_ENABLE_OBJC_ARC = YES;
				CLANG_WARN_EMPTY_BODY = YES;
				CLANG_WARN__DUPLICATE_METHOD_MATCH = YES;
				CODE_SIGN_IDENTITY = "iPhone Developer: Rajdeep Kwatra (V24C648P8T)";
				"CODE_SIGN_IDENTITY[sdk=iphoneos*]" = "iPhone Developer";
				COPY_PHASE_STRIP = YES;
				GCC_C_LANGUAGE_STANDARD = gnu99;
				GCC_WARN_ABOUT_RETURN_TYPE = YES;
				GCC_WARN_UNINITIALIZED_AUTOS = YES;
				GCC_WARN_UNUSED_VARIABLE = YES;
				IPHONEOS_DEPLOYMENT_TARGET = 5.0;
				OTHER_CFLAGS = "-DNS_BLOCK_ASSERTIONS=1";
				PROVISIONING_PROFILE = "C13D0D28-380D-42DA-AB8F-113D2B98D735";
				"PROVISIONING_PROFILE[sdk=iphoneos*]" = "C13D0D28-380D-42DA-AB8F-113D2B98D735";
				SDKROOT = iphoneos;
				VALIDATE_PRODUCT = YES;
			};
			name = Release;
		};
		BAFFB61116672E83003968BF /* Debug */ = {
			isa = XCBuildConfiguration;
			buildSettings = {
				"CODE_SIGN_IDENTITY[sdk=iphoneos*]" = "iPhone Developer: Rajdeep Kwatra (V24C648P8T)";
				GCC_PRECOMPILE_PREFIX_HEADER = YES;
				GCC_PREFIX_HEADER = "iOrter/iOrter-Prefix.pch";
				INFOPLIST_FILE = "iOrter/iOrter-Info.plist";
				IPHONEOS_DEPLOYMENT_TARGET = 5.0;
				PRODUCT_NAME = "$(TARGET_NAME)";
				"PROVISIONING_PROFILE[sdk=iphoneos*]" = "C13D0D28-380D-42DA-AB8F-113D2B98D735";
				WRAPPER_EXTENSION = app;
			};
			name = Debug;
		};
		BAFFB61216672E83003968BF /* Release */ = {
			isa = XCBuildConfiguration;
			buildSettings = {
				"CODE_SIGN_IDENTITY[sdk=iphoneos*]" = "iPhone Developer: Rajdeep Kwatra (V24C648P8T)";
				GCC_PRECOMPILE_PREFIX_HEADER = YES;
				GCC_PREFIX_HEADER = "iOrter/iOrter-Prefix.pch";
				INFOPLIST_FILE = "iOrter/iOrter-Info.plist";
				IPHONEOS_DEPLOYMENT_TARGET = 5.0;
				PRODUCT_NAME = "$(TARGET_NAME)";
				"PROVISIONING_PROFILE[sdk=iphoneos*]" = "C13D0D28-380D-42DA-AB8F-113D2B98D735";
				WRAPPER_EXTENSION = app;
			};
			name = Release;
		};
		BAFFB61416672E83003968BF /* Debug */ = {
			isa = XCBuildConfiguration;
			buildSettings = {
				BUNDLE_LOADER = "$(BUILT_PRODUCTS_DIR)/iOrter.app/iOrter";
				FRAMEWORK_SEARCH_PATHS = (
					"\"$(SDKROOT)/Developer/Library/Frameworks\"",
					"\"$(DEVELOPER_LIBRARY_DIR)/Frameworks\"",
				);
				GCC_PRECOMPILE_PREFIX_HEADER = YES;
				GCC_PREFIX_HEADER = "iOrter/iOrter-Prefix.pch";
				HEADER_SEARCH_PATHS = "$(SRCROOT)/usr/include/";
				INFOPLIST_FILE = "iOrterTests/iOrterTests-Info.plist";
				IPHONEOS_DEPLOYMENT_TARGET = 5.0;
				LIBRARY_SEARCH_PATHS = (
					"$(inherited)",
					"\"$(SRCROOT)/usr/include\"",
				);
				OTHER_LDFLAGS = (
					"-force_load",
					"\"$(SRCROOT)/usr/include/libOCMock.a\"",
					"-ObjC",
				);
				PRODUCT_NAME = "$(TARGET_NAME)";
				TEST_AFTER_BUILD = YES;
				TEST_HOST = "$(BUNDLE_LOADER)";
				WRAPPER_EXTENSION = octest;
			};
			name = Debug;
		};
		BAFFB61516672E83003968BF /* Release */ = {
			isa = XCBuildConfiguration;
			buildSettings = {
				BUNDLE_LOADER = "$(BUILT_PRODUCTS_DIR)/iOrter.app/iOrter";
				FRAMEWORK_SEARCH_PATHS = (
					"\"$(SDKROOT)/Developer/Library/Frameworks\"",
					"\"$(DEVELOPER_LIBRARY_DIR)/Frameworks\"",
				);
				GCC_PRECOMPILE_PREFIX_HEADER = YES;
				GCC_PREFIX_HEADER = "iOrter/iOrter-Prefix.pch";
				HEADER_SEARCH_PATHS = "$(SRCROOT)/usr/include/";
				INFOPLIST_FILE = "iOrterTests/iOrterTests-Info.plist";
				IPHONEOS_DEPLOYMENT_TARGET = 5.0;
				LIBRARY_SEARCH_PATHS = (
					"$(inherited)",
					"\"$(SRCROOT)/usr/include\"",
				);
				OTHER_LDFLAGS = (
					"-force_load",
					"\"$(SRCROOT)/usr/include/libOCMock.a\"",
					"-ObjC",
				);
				PRODUCT_NAME = "$(TARGET_NAME)";
				TEST_AFTER_BUILD = YES;
				TEST_HOST = "$(BUNDLE_LOADER)";
				WRAPPER_EXTENSION = octest;
			};
			name = Release;
		};
/* End XCBuildConfiguration section */

/* Begin XCConfigurationList section */
		BAFFB5CE16672E83003968BF /* Build configuration list for PBXProject "iOrter" */ = {
			isa = XCConfigurationList;
			buildConfigurations = (
				BAFFB60E16672E83003968BF /* Debug */,
				BAFFB60F16672E83003968BF /* Release */,
			);
			defaultConfigurationIsVisible = 0;
			defaultConfigurationName = Release;
		};
		BAFFB61016672E83003968BF /* Build configuration list for PBXNativeTarget "iOrter" */ = {
			isa = XCConfigurationList;
			buildConfigurations = (
				BAFFB61116672E83003968BF /* Debug */,
				BAFFB61216672E83003968BF /* Release */,
			);
			defaultConfigurationIsVisible = 0;
			defaultConfigurationName = Release;
		};
		BAFFB61316672E83003968BF /* Build configuration list for PBXNativeTarget "iOrterTests" */ = {
			isa = XCConfigurationList;
			buildConfigurations = (
				BAFFB61416672E83003968BF /* Debug */,
				BAFFB61516672E83003968BF /* Release */,
			);
			defaultConfigurationIsVisible = 0;
			defaultConfigurationName = Release;
		};
/* End XCConfigurationList section */
	};
	rootObject = BAFFB5CB16672E83003968BF /* Project object */;
}
